Microsoft Visual Studio Solution File, Format Version 12.00
# Visual Studio 15
VisualStudioVersion = 15.0.26430.14
MinimumVisualStudioVersion = 10.0.40219.1
Project("{FAE04EC0-301F-11D3-BF4B-00C04F79EFBC}") = "APIMATICCalculator.Standard", "APIMATICCalculator.Standard/APIMATICCalculator.Standard.csproj", "{ad47a550-1a26-4329-9de7-ceb6f4d77bdc}"
EndProject
Global
    GlobalSection(SolutionConfigurationPlatforms) = preSolution
        Debug|Any CPU = Debug|Any CPU
        Release|Any CPU = Release|Any CPU
    EndGlobalSection
    GlobalSection(ProjectConfigurationPlatforms) = postSolution
        {ad47a550-1a26-4329-9de7-ceb6f4d77bdc}.Debug|Any CPU.ActiveCfg = Debug|Any CPU
        {ad47a550-1a26-4329-9de7-ceb6f4d77bdc}.Debug|Any CPU.Build.0 = Debug|Any CPU
        {ad47a550-1a26-4329-9de7-ceb6f4d77bdc}.Release|Any CPU.ActiveCfg = Release|Any CPU
        {ad47a550-1a26-4329-9de7-ceb6f4d77bdc}.Release|Any CPU.Build.0 = Release|Any CPU
    EndGlobalSection
    GlobalSection(SolutionProperties) = preSolution
        HideSolutionNode = FALSE
    EndGlobalSection
EndGlobal
