Microsoft Visual Studio Solution File, Format Version 12.00
# Visual Studio 15
VisualStudioVersion = 15.0.26430.14
MinimumVisualStudioVersion = 10.0.40219.1
Project("{FAE04EC0-301F-11D3-BF4B-00C04F79EFBC}") = "APIMATICCalculator.Standard", "APIMATICCalculator.Standard/APIMATICCalculator.Standard.csproj", "{fda81d7d-bc5e-403e-b580-a0cf97926697}"
EndProject
Project("{FAE04EC0-301F-11D3-BF4B-00C04F79EFBC}") = "APIMATICCalculator.Tests", "APIMATICCalculator.Tests/APIMATICCalculator.Tests.csproj", "{4f7553e8-32fc-4386-b2d0-665ca9738f55}"
EndProject
Global
    GlobalSection(SolutionConfigurationPlatforms) = preSolution
        Debug|Any CPU = Debug|Any CPU
        Release|Any CPU = Release|Any CPU
    EndGlobalSection
    GlobalSection(ProjectConfigurationPlatforms) = postSolution
        {fda81d7d-bc5e-403e-b580-a0cf97926697}.Debug|Any CPU.ActiveCfg = Debug|Any CPU
        {fda81d7d-bc5e-403e-b580-a0cf97926697}.Debug|Any CPU.Build.0 = Debug|Any CPU
        {fda81d7d-bc5e-403e-b580-a0cf97926697}.Release|Any CPU.ActiveCfg = Release|Any CPU
        {fda81d7d-bc5e-403e-b580-a0cf97926697}.Release|Any CPU.Build.0 = Release|Any CPU
        {4f7553e8-32fc-4386-b2d0-665ca9738f55}.Debug|Any CPU.ActiveCfg = Debug|Any CPU
        {4f7553e8-32fc-4386-b2d0-665ca9738f55}.Debug|Any CPU.Build.0 = Debug|Any CPU
        {4f7553e8-32fc-4386-b2d0-665ca9738f55}.Release|Any CPU.ActiveCfg = Release|Any CPU
        {4f7553e8-32fc-4386-b2d0-665ca9738f55}.Release|Any CPU.Build.0 = Release|Any CPU
    EndGlobalSection
    GlobalSection(SolutionProperties) = preSolution
        HideSolutionNode = FALSE
    EndGlobalSection
EndGlobal
